{
  "name": "BluOf",
  "version": "0.0.1",
  "lockfileVersion": 3,
  "requires": true,
  "packages": {
    "": {
      "name": "BluOf",
      "version": "0.0.1",
      "dependencies": {
        "blogs8787api.js": "github:shaman2016scratch/blogs8787api.js#main"
      },
      "devDependencies": {}
    },
    "node_modules/blogs8787api.js": {
      "version": "0.0.1",
      "resolved": "git+ssh://git@github.com/shaman2016scratch/blogs8787api.js.git#da5d4c5c8635a241275c5f81124c7c736cfa60b6",
      "integrity": "sha512-dfB1J79MffzcVMOBvbp7TgxsE60pZxYWzh59bQIqqbOtcqP5+3hRTJsVZcAn12rcoEi81sZ8VcNckJ323V+GVA=="
    }
  }
}