{
  "name": "libs8787",
  "version": "0.0.1",
  "lockfileVersion": 3,
  "requires": true,
  "license": "MIT",
  "packages": {
    "": {
      "name": "libs8787",
      "version": "0.0.1",
      "license": "MIT",
      "dependencies": {
        "blogs8787api.js": "github:shaman2016scratch/blogs8787api.js#main"
      },
      "devDependencies": {}
    },
    "node_modules/blogs8787api.js": {
      "version": "0.0.2",
      "resolved": "git+ssh://git@github.com/shaman2016scratch/blogs8787api.js.git#455462684187ed2f1b51ddc4321a8b3deccf9523",
      "integrity": "sha512-39dfwKPptHLDIQ07kUSHNghpFrmiLGIwumeNr2U0iwCMMeKVQnA8oRnjbBn3zOnwLuMZkitZB2HuzacgQPJtkA==",
      "license": "MIT"
    }
  }
}
