{
  "name": "libs8787",
  "version": "0.0.1",
  "lockfileVersion": 3,
  "requires": true,
  "packages": {
    "": {
      "name": "libs8787",
      "version": "0.0.1",
      "dependencies": {
        "blogs8787api.js": "github:shaman2016scratch/blogs8787api.js#main"
      },
      "devDependencies": {}
    },
    "node_modules/blogs8787api.js": {
      "version": "0.0.1",
      "resolved": "git+ssh://git@github.com/shaman2016scratch/blogs8787api.js.git#0e9b0c65d2cd6fa6a80f4703e7fcf056ed4120d0",
      "integrity": "sha512-Wnzenh/vyme6H8/rsd8zpnOAxJmKthEfHm3bHWXHqCVfwsf879NsxU0rsCKymy43koHMvYpYSSEDSYLOeX57Cw==",
      "license": "MIT"
    }
  }
}
